
Microsoft Visual Studio Solution File, Format Version 12.00
# Visual Studio 15
VisualStudioVersion = 15.0.28010.2036
MinimumVisualStudioVersion = 10.0.40219.1
Project("{2150E333-8FDC-42A3-9474-1A3956D46DE8}") = "src", "src", "{0BD0A5CE-0839-4D2E-A704-AB45257FB6D9}"
EndProject
Project("{FAE04EC0-301F-11D3-BF4B-00C04F79EFBC}") = "Application", "Application\Application\Application.csproj", "{2F479E36-23F7-4054-91F9-DE0A0EC186CC}"
EndProject
Project("{FAE04EC0-301F-11D3-BF4B-00C04F79EFBC}") = "DAL", "Application\DAL\DAL.csproj", "{BD6A5D3A-1096-48C2-88B0-5BAF00833825}"
EndProject
Global
	GlobalSection(SolutionConfigurationPlatforms) = preSolution
		Debug|Any CPU = Debug|Any CPU
		Release|Any CPU = Release|Any CPU
	EndGlobalSection
	GlobalSection(ProjectConfigurationPlatforms) = postSolution
		{2F479E36-23F7-4054-91F9-DE0A0EC186CC}.Debug|Any CPU.ActiveCfg = Debug|Any CPU
		{2F479E36-23F7-4054-91F9-DE0A0EC186CC}.Debug|Any CPU.Build.0 = Debug|Any CPU
		{2F479E36-23F7-4054-91F9-DE0A0EC186CC}.Release|Any CPU.ActiveCfg = Release|Any CPU
		{2F479E36-23F7-4054-91F9-DE0A0EC186CC}.Release|Any CPU.Build.0 = Release|Any CPU
		{BD6A5D3A-1096-48C2-88B0-5BAF00833825}.Debug|Any CPU.ActiveCfg = Debug|Any CPU
		{BD6A5D3A-1096-48C2-88B0-5BAF00833825}.Debug|Any CPU.Build.0 = Debug|Any CPU
		{BD6A5D3A-1096-48C2-88B0-5BAF00833825}.Release|Any CPU.ActiveCfg = Release|Any CPU
		{BD6A5D3A-1096-48C2-88B0-5BAF00833825}.Release|Any CPU.Build.0 = Release|Any CPU
	EndGlobalSection
	GlobalSection(SolutionProperties) = preSolution
		HideSolutionNode = FALSE
	EndGlobalSection
	GlobalSection(NestedProjects) = preSolution
		{2F479E36-23F7-4054-91F9-DE0A0EC186CC} = {0BD0A5CE-0839-4D2E-A704-AB45257FB6D9}
		{BD6A5D3A-1096-48C2-88B0-5BAF00833825} = {0BD0A5CE-0839-4D2E-A704-AB45257FB6D9}
	EndGlobalSection
	GlobalSection(ExtensibilityGlobals) = postSolution
		SolutionGuid = {F95C77F7-FAB5-46F1-9D26-12CBC14B6962}
	EndGlobalSection
EndGlobal
